// !$*UTF8*$!
{
	archiveVersion = 1;
	classes = {
	};
	objectVersion = 46;
	objects = {

/* Begin PBXBuildFile section */
		231784FA1E438925005288CE /* 1.mp4 in Resources */ = {isa = PBXBuildFile; fileRef = 231784EC1E438925005288CE /* 1.mp4 */; };
		231784FB1E438925005288CE /* 2.mp4 in Resources */ = {isa = PBXBuildFile; fileRef = 231784ED1E438925005288CE /* 2.mp4 */; };
		231784FC1E438925005288CE /* AppDelegate.swift in Sources */ = {isa = PBXBuildFile; fileRef = 231784EE1E438925005288CE /* AppDelegate.swift */; };
		231784FD1E438925005288CE /* Assets.xcassets in Resources */ = {isa = PBXBuildFile; fileRef = 231784EF1E438925005288CE /* Assets.xcassets */; };
		231784FE1E438925005288CE /* LaunchScreen.storyboard in Resources */ = {isa = PBXBuildFile; fileRef = 231784F01E438925005288CE /* LaunchScreen.storyboard */; };
		231784FF1E438925005288CE /* Main.storyboard in Resources */ = {isa = PBXBuildFile; fileRef = 231784F21E438925005288CE /* Main.storyboard */; };
		231785001E438925005288CE /* ImageTableViewCell.swift in Sources */ = {isa = PBXBuildFile; fileRef = 231784F41E438925005288CE /* ImageTableViewCell.swift */; };
		231785011E438925005288CE /* Info.plist in Resources */ = {isa = PBXBuildFile; fileRef = 231784F51E438925005288CE /* Info.plist */; };
		231785021E438925005288CE /* VideoCellTableViewCell.swift in Sources */ = {isa = PBXBuildFile; fileRef = 231784F61E438925005288CE /* VideoCellTableViewCell.swift */; };
		231785031E438925005288CE /* VideoPlayerView.swift in Sources */ = {isa = PBXBuildFile; fileRef = 231784F71E438925005288CE /* VideoPlayerView.swift */; };
		231785041E438925005288CE /* VideoPlayerViewController.swift in Sources */ = {isa = PBXBuildFile; fileRef = 231784F81E438925005288CE /* VideoPlayerViewController.swift */; };
		231785051E438925005288CE /* ViewController.swift in Sources */ = {isa = PBXBuildFile; fileRef = 231784F91E438925005288CE /* ViewController.swift */; };
/* End PBXBuildFile section */

/* Begin PBXFileReference section */
		231784EC1E438925005288CE /* 1.mp4 */ = {isa = PBXFileReference; lastKnownFileType = file; path = 1.mp4; sourceTree = "<group>"; };
		231784ED1E438925005288CE /* 2.mp4 */ = {isa = PBXFileReference; lastKnownFileType = file; path = 2.mp4; sourceTree = "<group>"; };
		231784EE1E438925005288CE /* AppDelegate.swift */ = {isa = PBXFileReference; fileEncoding = 4; lastKnownFileType = sourcecode.swift; path = AppDelegate.swift; sourceTree = "<group>"; };
		231784EF1E438925005288CE /* Assets.xcassets */ = {isa = PBXFileReference; lastKnownFileType = folder.assetcatalog; path = Assets.xcassets; sourceTree = "<group>"; };
		231784F11E438925005288CE /* Base */ = {isa = PBXFileReference; lastKnownFileType = file.storyboard; name = Base; path = Base.lproj/LaunchScreen.storyboard; sourceTree = "<group>"; };
		231784F31E438925005288CE /* Base */ = {isa = PBXFileReference; lastKnownFileType = file.storyboard; name = Base; path = Base.lproj/Main.storyboard; sourceTree = "<group>"; };
		231784F41E438925005288CE /* ImageTableViewCell.swift */ = {isa = PBXFileReference; fileEncoding = 4; lastKnownFileType = sourcecode.swift; path = ImageTableViewCell.swift; sourceTree = "<group>"; };
		231784F51E438925005288CE /* Info.plist */ = {isa = PBXFileReference; fileEncoding = 4; lastKnownFileType = text.plist.xml; path = Info.plist; sourceTree = "<group>"; };
		231784F61E438925005288CE /* VideoCellTableViewCell.swift */ = {isa = PBXFileReference; fileEncoding = 4; lastKnownFileType = sourcecode.swift; path = VideoCellTableViewCell.swift; sourceTree = "<group>"; };
		231784F71E438925005288CE /* VideoPlayerView.swift */ = {isa = PBXFileReference; fileEncoding = 4; lastKnownFileType = sourcecode.swift; path = VideoPlayerView.swift; sourceTree = "<group>"; };
		231784F81E438925005288CE /* VideoPlayerViewController.swift */ = {isa = PBXFileReference; fileEncoding = 4; lastKnownFileType = sourcecode.swift; path = VideoPlayerViewController.swift; sourceTree = "<group>"; };
		231784F91E438925005288CE /* ViewController.swift */ = {isa = PBXFileReference; fileEncoding = 4; lastKnownFileType = sourcecode.swift; path = ViewController.swift; sourceTree = "<group>"; };
		237FB2401E40F2DD005AE389 /* InstagramVideoCell.app */ = {isa = PBXFileReference; explicitFileType = wrapper.application; includeInIndex = 0; path = InstagramVideoCell.app; sourceTree = BUILT_PRODUCTS_DIR; };
/* End PBXFileReference section */

/* Begin PBXFrameworksBuildPhase section */
		237FB23D1E40F2DD005AE389 /* Frameworks */ = {
			isa = PBXFrameworksBuildPhase;
			buildActionMask = 2147483647;
			files = (
			);
			runOnlyForDeploymentPostprocessing = 0;
		};
/* End PBXFrameworksBuildPhase section */

/* Begin PBXGroup section */
		231784EB1E438925005288CE /* InstagramVideoCell */ = {
			isa = PBXGroup;
			children = (
				231784EC1E438925005288CE /* 1.mp4 */,
				231784ED1E438925005288CE /* 2.mp4 */,
				231784EE1E438925005288CE /* AppDelegate.swift */,
				231784EF1E438925005288CE /* Assets.xcassets */,
				231784F01E438925005288CE /* LaunchScreen.storyboard */,
				231784F21E438925005288CE /* Main.storyboard */,
				231784F41E438925005288CE /* ImageTableViewCell.swift */,
				231784F51E438925005288CE /* Info.plist */,
				231784F61E438925005288CE /* VideoCellTableViewCell.swift */,
				231784F71E438925005288CE /* VideoPlayerView.swift */,
				231784F81E438925005288CE /* VideoPlayerViewController.swift */,
				231784F91E438925005288CE /* ViewController.swift */,
			);
			path = InstagramVideoCell;
			sourceTree = "<group>";
		};
		237FB2371E40F2DD005AE389 = {
			isa = PBXGroup;
			children = (
				231784EB1E438925005288CE /* InstagramVideoCell */,
				237FB2411E40F2DD005AE389 /* Products */,
			);
			sourceTree = "<group>";
		};
		237FB2411E40F2DD005AE389 /* Products */ = {
			isa = PBXGroup;
			children = (
				237FB2401E40F2DD005AE389 /* InstagramVideoCell.app */,
			);
			name = Products;
			sourceTree = "<group>";
		};
/* End PBXGroup section */

/* Begin PBXNativeTarget section */
		237FB23F1E40F2DD005AE389 /* InstagramVideoCell */ = {
			isa = PBXNativeTarget;
			buildConfigurationList = 237FB2521E40F2DD005AE389 /* Build configuration list for PBXNativeTarget "InstagramVideoCell" */;
			buildPhases = (
				237FB23C1E40F2DD005AE389 /* Sources */,
				237FB23D1E40F2DD005AE389 /* Frameworks */,
				237FB23E1E40F2DD005AE389 /* Resources */,
			);
			buildRules = (
			);
			dependencies = (
			);
			name = InstagramVideoCell;
			productName = EditSoftDemo;
			productReference = 237FB2401E40F2DD005AE389 /* InstagramVideoCell.app */;
			productType = "com.apple.product-type.application";
		};
/* End PBXNativeTarget section */

/* Begin PBXProject section */
		237FB2381E40F2DD005AE389 /* Project object */ = {
			isa = PBXProject;
			attributes = {
				LastSwiftUpdateCheck = 0820;
				LastUpgradeCheck = 0820;
				ORGANIZATIONNAME = "Saurabh Yadav";
				TargetAttributes = {
					237FB23F1E40F2DD005AE389 = {
						CreatedOnToolsVersion = 8.2.1;
						ProvisioningStyle = Automatic;
					};
				};
			};
			buildConfigurationList = 237FB23B1E40F2DD005AE389 /* Build configuration list for PBXProject "InstagramVideoCell" */;
			compatibilityVersion = "Xcode 3.2";
			developmentRegion = English;
			hasScannedForEncodings = 0;
			knownRegions = (
				en,
				Base,
			);
			mainGroup = 237FB2371E40F2DD005AE389;
			productRefGroup = 237FB2411E40F2DD005AE389 /* Products */;
			projectDirPath = "";
			projectRoot = "";
			targets = (
				237FB23F1E40F2DD005AE389 /* InstagramVideoCell */,
			);
		};
/* End PBXProject section */

/* Begin PBXResourcesBuildPhase section */
		237FB23E1E40F2DD005AE389 /* Resources */ = {
			isa = PBXResourcesBuildPhase;
			buildActionMask = 2147483647;
			files = (
				231784FB1E438925005288CE /* 2.mp4 in Resources */,
				231784FF1E438925005288CE /* Main.storyboard in Resources */,
				231785011E438925005288CE /* Info.plist in Resources */,
				231784FE1E438925005288CE /* LaunchScreen.storyboard in Resources */,
				231784FD1E438925005288CE /* Assets.xcassets in Resources */,
				231784FA1E438925005288CE /* 1.mp4 in Resources */,
			);
			runOnlyForDeploymentPostprocessing = 0;
		};
/* End PBXResourcesBuildPhase section */

/* Begin PBXSourcesBuildPhase section */
		237FB23C1E40F2DD005AE389 /* Sources */ = {
			isa = PBXSourcesBuildPhase;
			buildActionMask = 2147483647;
			files = (
				231785051E438925005288CE /* ViewController.swift in Sources */,
				231785021E438925005288CE /* VideoCellTableViewCell.swift in Sources */,
				231784FC1E438925005288CE /* AppDelegate.swift in Sources */,
				231785041E438925005288CE /* VideoPlayerViewController.swift in Sources */,
				231785001E438925005288CE /* ImageTableViewCell.swift in Sources */,
				231785031E438925005288CE /* VideoPlayerView.swift in Sources */,
			);
			runOnlyForDeploymentPostprocessing = 0;
		};
/* End PBXSourcesBuildPhase section */

/* Begin PBXVariantGroup section */
		231784F01E438925005288CE /* LaunchScreen.storyboard */ = {
			isa = PBXVariantGroup;
			children = (
				231784F11E438925005288CE /* Base */,
			);
			name = LaunchScreen.storyboard;
			sourceTree = "<group>";
		};
		231784F21E438925005288CE /* Main.storyboard */ = {
			isa = PBXVariantGroup;
			children = (
				231784F31E438925005288CE /* Base */,
			);
			name = Main.storyboard;
			sourceTree = "<group>";
		};
/* End PBXVariantGroup section */

/* Begin XCBuildConfiguration section */
		237FB2501E40F2DD005AE389 /* Debug */ = {
			isa = XCBuildConfiguration;
			buildSettings = {
				ALWAYS_SEARCH_USER_PATHS = NO;
				CLANG_ANALYZER_NONNULL = YES;
				CLANG_CXX_LANGUAGE_STANDARD = "gnu++0x";
				CLANG_CXX_LIBRARY = "libc++";
				CLANG_ENABLE_MODULES = YES;
				CLANG_ENABLE_OBJC_ARC = YES;
				CLANG_WARN_BOOL_CONVERSION = YES;
				CLANG_WARN_CONSTANT_CONVERSION = YES;
				CLANG_WARN_DIRECT_OBJC_ISA_USAGE = YES_ERROR;
				CLANG_WARN_DOCUMENTATION_COMMENTS = YES;
				CLANG_WARN_EMPTY_BODY = YES;
				CLANG_WARN_ENUM_CONVERSION = YES;
				CLANG_WARN_INFINITE_RECURSION = YES;
				CLANG_WARN_INT_CONVERSION = YES;
				CLANG_WARN_OBJC_ROOT_CLASS = YES_ERROR;
				CLANG_WARN_SUSPICIOUS_MOVE = YES;
				CLANG_WARN_UNREACHABLE_CODE = YES;
				CLANG_WARN__DUPLICATE_METHOD_MATCH = YES;
				"CODE_SIGN_IDENTITY[sdk=iphoneos*]" = "iPhone Developer";
				COPY_PHASE_STRIP = NO;
				DEBUG_INFORMATION_FORMAT = dwarf;
				ENABLE_STRICT_OBJC_MSGSEND = YES;
				ENABLE_TESTABILITY = YES;
				GCC_C_LANGUAGE_STANDARD = gnu99;
				GCC_DYNAMIC_NO_PIC = NO;
				GCC_NO_COMMON_BLOCKS = YES;
				GCC_OPTIMIZATION_LEVEL = 0;
				GCC_PREPROCESSOR_DEFINITIONS = (
					"DEBUG=1",
					"$(inherited)",
				);
				GCC_WARN_64_TO_32_BIT_CONVERSION = YES;
				GCC_WARN_ABOUT_RETURN_TYPE = YES_ERROR;
				GCC_WARN_UNDECLARED_SELECTOR = YES;
				GCC_WARN_UNINITIALIZED_AUTOS = YES_AGGRESSIVE;
				GCC_WARN_UNUSED_FUNCTION = YES;
				GCC_WARN_UNUSED_VARIABLE = YES;
				IPHONEOS_DEPLOYMENT_TARGET = 10.2;
				MTL_ENABLE_DEBUG_INFO = YES;
				ONLY_ACTIVE_ARCH = YES;
				SDKROOT = iphoneos;
				SWIFT_ACTIVE_COMPILATION_CONDITIONS = DEBUG;
				SWIFT_OPTIMIZATION_LEVEL = "-Onone";
			};
			name = Debug;
		};
		237FB2511E40F2DD005AE389 /* Release */ = {
			isa = XCBuildConfiguration;
			buildSettings = {
				ALWAYS_SEARCH_USER_PATHS = NO;
				CLANG_ANALYZER_NONNULL = YES;
				CLANG_CXX_LANGUAGE_STANDARD = "gnu++0x";
				CLANG_CXX_LIBRARY = "libc++";
				CLANG_ENABLE_MODULES = YES;
				CLANG_ENABLE_OBJC_ARC = YES;
				CLANG_WARN_BOOL_CONVERSION = YES;
				CLANG_WARN_CONSTANT_CONVERSION = YES;
				CLANG_WARN_DIRECT_OBJC_ISA_USAGE = YES_ERROR;
				CLANG_WARN_DOCUMENTATION_COMMENTS = YES;
				CLANG_WARN_EMPTY_BODY = YES;
				CLANG_WARN_ENUM_CONVERSION = YES;
				CLANG_WARN_INFINITE_RECURSION = YES;
				CLANG_WARN_INT_CONVERSION = YES;
				CLANG_WARN_OBJC_ROOT_CLASS = YES_ERROR;
				CLANG_WARN_SUSPICIOUS_MOVE = YES;
				CLANG_WARN_UNREACHABLE_CODE = YES;
				CLANG_WARN__DUPLICATE_METHOD_MATCH = YES;
				"CODE_SIGN_IDENTITY[sdk=iphoneos*]" = "iPhone Developer";
				COPY_PHASE_STRIP = NO;
				DEBUG_INFORMATION_FORMAT = "dwarf-with-dsym";
				ENABLE_NS_ASSERTIONS = NO;
				ENABLE_STRICT_OBJC_MSGSEND = YES;
				GCC_C_LANGUAGE_STANDARD = gnu99;
				GCC_NO_COMMON_BLOCKS = YES;
				GCC_WARN_64_TO_32_BIT_CONVERSION = YES;
				GCC_WARN_ABOUT_RETURN_TYPE = YES_ERROR;
				GCC_WARN_UNDECLARED_SELECTOR = YES;
				GCC_WARN_UNINITIALIZED_AUTOS = YES_AGGRESSIVE;
				GCC_WARN_UNUSED_FUNCTION = YES;
				GCC_WARN_UNUSED_VARIABLE = YES;
				IPHONEOS_DEPLOYMENT_TARGET = 10.2;
				MTL_ENABLE_DEBUG_INFO = NO;
				SDKROOT = iphoneos;
				SWIFT_OPTIMIZATION_LEVEL = "-Owholemodule";
				VALIDATE_PRODUCT = YES;
			};
			name = Release;
		};
		237FB2531E40F2DD005AE389 /* Debug */ = {
			isa = XCBuildConfiguration;
			buildSettings = {
				ASSETCATALOG_COMPILER_APPICON_NAME = AppIcon;
				INFOPLIST_FILE = "$(SRCROOT)/InstagramVideoCell/Info.plist";
				LD_RUNPATH_SEARCH_PATHS = "$(inherited) @executable_path/Frameworks";
				PRODUCT_BUNDLE_IDENTIFIER = com.saurabh.EditSoftDemo;
				PRODUCT_NAME = "$(TARGET_NAME)";
				SWIFT_VERSION = 3.0;
			};
			name = Debug;
		};
		237FB2541E40F2DD005AE389 /* Release */ = {
			isa = XCBuildConfiguration;
			buildSettings = {
				ASSETCATALOG_COMPILER_APPICON_NAME = AppIcon;
				INFOPLIST_FILE = "$(SRCROOT)/InstagramVideoCell/Info.plist";
				LD_RUNPATH_SEARCH_PATHS = "$(inherited) @executable_path/Frameworks";
				PRODUCT_BUNDLE_IDENTIFIER = com.saurabh.EditSoftDemo;
				PRODUCT_NAME = "$(TARGET_NAME)";
				SWIFT_VERSION = 3.0;
			};
			name = Release;
		};
/* End XCBuildConfiguration section */

/* Begin XCConfigurationList section */
		237FB23B1E40F2DD005AE389 /* Build configuration list for PBXProject "InstagramVideoCell" */ = {
			isa = XCConfigurationList;
			buildConfigurations = (
				237FB2501E40F2DD005AE389 /* Debug */,
				237FB2511E40F2DD005AE389 /* Release */,
			);
			defaultConfigurationIsVisible = 0;
			defaultConfigurationName = Release;
		};
		237FB2521E40F2DD005AE389 /* Build configuration list for PBXNativeTarget "InstagramVideoCell" */ = {
			isa = XCConfigurationList;
			buildConfigurations = (
				237FB2531E40F2DD005AE389 /* Debug */,
				237FB2541E40F2DD005AE389 /* Release */,
			);
			defaultConfigurationIsVisible = 0;
			defaultConfigurationName = Release;
		};
/* End XCConfigurationList section */
	};
	rootObject = 237FB2381E40F2DD005AE389 /* Project object */;
}
